// !$*UTF8*$!
{
	archiveVersion = 1;
	classes = {
	};
	objectVersion = 56;
	objects = {

/* Begin PBXBuildFile section */
		BE47DC7D2C15C87400A802F4 /* DateFormat.swift in Sources */ = {isa = PBXBuildFile; fileRef = BE47DC7C2C15C87400A802F4 /* DateFormat.swift */; };
		BE47DC7F2C15D12900A802F4 /* WeatherInfoLabel.swift in Sources */ = {isa = PBXBuildFile; fileRef = BE47DC7E2C15D12900A802F4 /* WeatherInfoLabel.swift */; };
		BEBFC3A82C232D9600F35E82 /* WeatherLocation.swift in Sources */ = {isa = PBXBuildFile; fileRef = BEBFC3A72C232D9600F35E82 /* WeatherLocation.swift */; };
		BEDE2E052C107CBD00700601 /* AppDelegate.swift in Sources */ = {isa = PBXBuildFile; fileRef = BEDE2E042C107CBD00700601 /* AppDelegate.swift */; };
		BEDE2E072C107CBD00700601 /* SceneDelegate.swift in Sources */ = {isa = PBXBuildFile; fileRef = BEDE2E062C107CBD00700601 /* SceneDelegate.swift */; };
		BEDE2E092C107CBD00700601 /* ViewController.swift in Sources */ = {isa = PBXBuildFile; fileRef = BEDE2E082C107CBD00700601 /* ViewController.swift */; };
		BEDE2E0E2C107CC000700601 /* Assets.xcassets in Resources */ = {isa = PBXBuildFile; fileRef = BEDE2E0D2C107CC000700601 /* Assets.xcassets */; };
		BEDE2E112C107CC000700601 /* Base in Resources */ = {isa = PBXBuildFile; fileRef = BEDE2E102C107CC000700601 /* Base */; };
		BEDE2E1E2C107D6800700601 /* Alamofire in Frameworks */ = {isa = PBXBuildFile; productRef = BEDE2E1D2C107D6800700601 /* Alamofire */; };
		BEDE2E212C107D7600700601 /* SnapKit in Frameworks */ = {isa = PBXBuildFile; productRef = BEDE2E202C107D7600700601 /* SnapKit */; };
		BEDE2E242C107D8100700601 /* Kingfisher in Frameworks */ = {isa = PBXBuildFile; productRef = BEDE2E232C107D8100700601 /* Kingfisher */; };
		BEDE2E262C107DBD00700601 /* .gitignore in Resources */ = {isa = PBXBuildFile; fileRef = BEDE2E252C107DBD00700601 /* .gitignore */; };
		BEDE2E292C1083E600700601 /* APIKey.swift in Sources */ = {isa = PBXBuildFile; fileRef = BEDE2E282C1083E600700601 /* APIKey.swift */; };
		BEDE2E2C2C10841000700601 /* Weather.swift in Sources */ = {isa = PBXBuildFile; fileRef = BEDE2E2B2C10841000700601 /* Weather.swift */; };
/* End PBXBuildFile section */

/* Begin PBXFileReference section */
		BE47DC7C2C15C87400A802F4 /* DateFormat.swift */ = {isa = PBXFileReference; lastKnownFileType = sourcecode.swift; path = DateFormat.swift; sourceTree = "<group>"; };
		BE47DC7E2C15D12900A802F4 /* WeatherInfoLabel.swift */ = {isa = PBXFileReference; lastKnownFileType = sourcecode.swift; path = WeatherInfoLabel.swift; sourceTree = "<group>"; };
		BEBFC3A72C232D9600F35E82 /* WeatherLocation.swift */ = {isa = PBXFileReference; lastKnownFileType = sourcecode.swift; path = WeatherLocation.swift; sourceTree = "<group>"; };
		BEDE2E012C107CBD00700601 /* WeatherAPI.app */ = {isa = PBXFileReference; explicitFileType = wrapper.application; includeInIndex = 0; path = WeatherAPI.app; sourceTree = BUILT_PRODUCTS_DIR; };
		BEDE2E042C107CBD00700601 /* AppDelegate.swift */ = {isa = PBXFileReference; lastKnownFileType = sourcecode.swift; path = AppDelegate.swift; sourceTree = "<group>"; };
		BEDE2E062C107CBD00700601 /* SceneDelegate.swift */ = {isa = PBXFileReference; lastKnownFileType = sourcecode.swift; path = SceneDelegate.swift; sourceTree = "<group>"; };
		BEDE2E082C107CBD00700601 /* ViewController.swift */ = {isa = PBXFileReference; lastKnownFileType = sourcecode.swift; path = ViewController.swift; sourceTree = "<group>"; };
		BEDE2E0D2C107CC000700601 /* Assets.xcassets */ = {isa = PBXFileReference; lastKnownFileType = folder.assetcatalog; path = Assets.xcassets; sourceTree = "<group>"; };
		BEDE2E102C107CC000700601 /* Base */ = {isa = PBXFileReference; lastKnownFileType = file.storyboard; name = Base; path = Base.lproj/LaunchScreen.storyboard; sourceTree = "<group>"; };
		BEDE2E122C107CC000700601 /* Info.plist */ = {isa = PBXFileReference; lastKnownFileType = text.plist.xml; path = Info.plist; sourceTree = "<group>"; };
		BEDE2E252C107DBD00700601 /* .gitignore */ = {isa = PBXFileReference; lastKnownFileType = text; path = .gitignore; sourceTree = "<group>"; };
		BEDE2E282C1083E600700601 /* APIKey.swift */ = {isa = PBXFileReference; lastKnownFileType = sourcecode.swift; path = APIKey.swift; sourceTree = "<group>"; };
		BEDE2E2B2C10841000700601 /* Weather.swift */ = {isa = PBXFileReference; lastKnownFileType = sourcecode.swift; path = Weather.swift; sourceTree = "<group>"; };
/* End PBXFileReference section */

/* Begin PBXFrameworksBuildPhase section */
		BEDE2DFE2C107CBD00700601 /* Frameworks */ = {
			isa = PBXFrameworksBuildPhase;
			buildActionMask = 2147483647;
			files = (
				BEDE2E242C107D8100700601 /* Kingfisher in Frameworks */,
				BEDE2E1E2C107D6800700601 /* Alamofire in Frameworks */,
				BEDE2E212C107D7600700601 /* SnapKit in Frameworks */,
			);
			runOnlyForDeploymentPostprocessing = 0;
		};
/* End PBXFrameworksBuildPhase section */

/* Begin PBXGroup section */
		BEDE2DF82C107CBD00700601 = {
			isa = PBXGroup;
			children = (
				BEDE2E252C107DBD00700601 /* .gitignore */,
				BEDE2E032C107CBD00700601 /* WeatherAPI */,
				BEDE2E022C107CBD00700601 /* Products */,
			);
			sourceTree = "<group>";
		};
		BEDE2E022C107CBD00700601 /* Products */ = {
			isa = PBXGroup;
			children = (
				BEDE2E012C107CBD00700601 /* WeatherAPI.app */,
			);
			name = Products;
			sourceTree = "<group>";
		};
		BEDE2E032C107CBD00700601 /* WeatherAPI */ = {
			isa = PBXGroup;
			children = (
				BEDE2E192C107D2C00700601 /* Sources */,
				BEDE2E182C107D2700700601 /* Resources */,
			);
			path = WeatherAPI;
			sourceTree = "<group>";
		};
		BEDE2E182C107D2700700601 /* Resources */ = {
			isa = PBXGroup;
			children = (
				BEDE2E0D2C107CC000700601 /* Assets.xcassets */,
				BEDE2E0F2C107CC000700601 /* LaunchScreen.storyboard */,
				BEDE2E122C107CC000700601 /* Info.plist */,
			);
			path = Resources;
			sourceTree = "<group>";
		};
		BEDE2E192C107D2C00700601 /* Sources */ = {
			isa = PBXGroup;
			children = (
				BEDE2E1B2C107D4B00700601 /* View */,
				BEDE2E2A2C10840A00700601 /* Model */,
				BEDE2E272C1083D700700601 /* Utility */,
				BEDE2E1A2C107D2F00700601 /* App */,
			);
			path = Sources;
			sourceTree = "<group>";
		};
		BEDE2E1A2C107D2F00700601 /* App */ = {
			isa = PBXGroup;
			children = (
				BEDE2E042C107CBD00700601 /* AppDelegate.swift */,
				BEDE2E062C107CBD00700601 /* SceneDelegate.swift */,
			);
			path = App;
			sourceTree = "<group>";
		};
		BEDE2E1B2C107D4B00700601 /* View */ = {
			isa = PBXGroup;
			children = (
				BEDE2E082C107CBD00700601 /* ViewController.swift */,
				BE47DC7E2C15D12900A802F4 /* WeatherInfoLabel.swift */,
			);
			path = View;
			sourceTree = "<group>";
		};
		BEDE2E272C1083D700700601 /* Utility */ = {
			isa = PBXGroup;
			children = (
				BE47DC7C2C15C87400A802F4 /* DateFormat.swift */,
				BEDE2E282C1083E600700601 /* APIKey.swift */,
			);
			path = Utility;
			sourceTree = "<group>";
		};
		BEDE2E2A2C10840A00700601 /* Model */ = {
			isa = PBXGroup;
			children = (
				BEDE2E2B2C10841000700601 /* Weather.swift */,
				BEBFC3A72C232D9600F35E82 /* WeatherLocation.swift */,
			);
			path = Model;
			sourceTree = "<group>";
		};
/* End PBXGroup section */

/* Begin PBXNativeTarget section */
		BEDE2E002C107CBD00700601 /* WeatherAPI */ = {
			isa = PBXNativeTarget;
			buildConfigurationList = BEDE2E152C107CC000700601 /* Build configuration list for PBXNativeTarget "WeatherAPI" */;
			buildPhases = (
				BEDE2DFD2C107CBD00700601 /* Sources */,
				BEDE2DFE2C107CBD00700601 /* Frameworks */,
				BEDE2DFF2C107CBD00700601 /* Resources */,
			);
			buildRules = (
			);
			dependencies = (
			);
			name = WeatherAPI;
			packageProductDependencies = (
				BEDE2E1D2C107D6800700601 /* Alamofire */,
				BEDE2E202C107D7600700601 /* SnapKit */,
				BEDE2E232C107D8100700601 /* Kingfisher */,
			);
			productName = WeatherAPI;
			productReference = BEDE2E012C107CBD00700601 /* WeatherAPI.app */;
			productType = "com.apple.product-type.application";
		};
/* End PBXNativeTarget section */

/* Begin PBXProject section */
		BEDE2DF92C107CBD00700601 /* Project object */ = {
			isa = PBXProject;
			attributes = {
				BuildIndependentTargetsInParallel = 1;
				LastSwiftUpdateCheck = 1540;
				LastUpgradeCheck = 1540;
				TargetAttributes = {
					BEDE2E002C107CBD00700601 = {
						CreatedOnToolsVersion = 15.4;
					};
				};
			};
			buildConfigurationList = BEDE2DFC2C107CBD00700601 /* Build configuration list for PBXProject "WeatherAPI" */;
			compatibilityVersion = "Xcode 14.0";
			developmentRegion = en;
			hasScannedForEncodings = 0;
			knownRegions = (
				en,
				Base,
			);
			mainGroup = BEDE2DF82C107CBD00700601;
			packageReferences = (
				BEDE2E1C2C107D6800700601 /* XCRemoteSwiftPackageReference "Alamofire" */,
				BEDE2E1F2C107D7600700601 /* XCRemoteSwiftPackageReference "SnapKit" */,
				BEDE2E222C107D8100700601 /* XCRemoteSwiftPackageReference "Kingfisher" */,
			);
			productRefGroup = BEDE2E022C107CBD00700601 /* Products */;
			projectDirPath = "";
			projectRoot = "";
			targets = (
				BEDE2E002C107CBD00700601 /* WeatherAPI */,
			);
		};
/* End PBXProject section */

/* Begin PBXResourcesBuildPhase section */
		BEDE2DFF2C107CBD00700601 /* Resources */ = {
			isa = PBXResourcesBuildPhase;
			buildActionMask = 2147483647;
			files = (
				BEDE2E0E2C107CC000700601 /* Assets.xcassets in Resources */,
				BEDE2E262C107DBD00700601 /* .gitignore in Resources */,
				BEDE2E112C107CC000700601 /* Base in Resources */,
			);
			runOnlyForDeploymentPostprocessing = 0;
		};
/* End PBXResourcesBuildPhase section */

/* Begin PBXSourcesBuildPhase section */
		BEDE2DFD2C107CBD00700601 /* Sources */ = {
			isa = PBXSourcesBuildPhase;
			buildActionMask = 2147483647;
			files = (
				BEDE2E092C107CBD00700601 /* ViewController.swift in Sources */,
				BEBFC3A82C232D9600F35E82 /* WeatherLocation.swift in Sources */,
				BEDE2E052C107CBD00700601 /* AppDelegate.swift in Sources */,
				BE47DC7D2C15C87400A802F4 /* DateFormat.swift in Sources */,
				BEDE2E292C1083E600700601 /* APIKey.swift in Sources */,
				BE47DC7F2C15D12900A802F4 /* WeatherInfoLabel.swift in Sources */,
				BEDE2E072C107CBD00700601 /* SceneDelegate.swift in Sources */,
				BEDE2E2C2C10841000700601 /* Weather.swift in Sources */,
			);
			runOnlyForDeploymentPostprocessing = 0;
		};
/* End PBXSourcesBuildPhase section */

/* Begin PBXVariantGroup section */
		BEDE2E0F2C107CC000700601 /* LaunchScreen.storyboard */ = {
			isa = PBXVariantGroup;
			children = (
				BEDE2E102C107CC000700601 /* Base */,
			);
			name = LaunchScreen.storyboard;
			sourceTree = "<group>";
		};
/* End PBXVariantGroup section */

/* Begin XCBuildConfiguration section */
		BEDE2E132C107CC000700601 /* Debug */ = {
			isa = XCBuildConfiguration;
			buildSettings = {
				ALWAYS_SEARCH_USER_PATHS = NO;
				ASSETCATALOG_COMPILER_GENERATE_SWIFT_ASSET_SYMBOL_EXTENSIONS = YES;
				CLANG_ANALYZER_NONNULL = YES;
				CLANG_ANALYZER_NUMBER_OBJECT_CONVERSION = YES_AGGRESSIVE;
				CLANG_CXX_LANGUAGE_STANDARD = "gnu++20";
				CLANG_ENABLE_MODULES = YES;
				CLANG_ENABLE_OBJC_ARC = YES;
				CLANG_ENABLE_OBJC_WEAK = YES;
				CLANG_WARN_BLOCK_CAPTURE_AUTORELEASING = YES;
				CLANG_WARN_BOOL_CONVERSION = YES;
				CLANG_WARN_COMMA = YES;
				CLANG_WARN_CONSTANT_CONVERSION = YES;
				CLANG_WARN_DEPRECATED_OBJC_IMPLEMENTATIONS = YES;
				CLANG_WARN_DIRECT_OBJC_ISA_USAGE = YES_ERROR;
				CLANG_WARN_DOCUMENTATION_COMMENTS = YES;
				CLANG_WARN_EMPTY_BODY = YES;
				CLANG_WARN_ENUM_CONVERSION = YES;
				CLANG_WARN_INFINITE_RECURSION = YES;
				CLANG_WARN_INT_CONVERSION = YES;
				CLANG_WARN_NON_LITERAL_NULL_CONVERSION = YES;
				CLANG_WARN_OBJC_IMPLICIT_RETAIN_SELF = YES;
				CLANG_WARN_OBJC_LITERAL_CONVERSION = YES;
				CLANG_WARN_OBJC_ROOT_CLASS = YES_ERROR;
				CLANG_WARN_QUOTED_INCLUDE_IN_FRAMEWORK_HEADER = YES;
				CLANG_WARN_RANGE_LOOP_ANALYSIS = YES;
				CLANG_WARN_STRICT_PROTOTYPES = YES;
				CLANG_WARN_SUSPICIOUS_MOVE = YES;
				CLANG_WARN_UNGUARDED_AVAILABILITY = YES_AGGRESSIVE;
				CLANG_WARN_UNREACHABLE_CODE = YES;
				CLANG_WARN__DUPLICATE_METHOD_MATCH = YES;
				COPY_PHASE_STRIP = NO;
				DEBUG_INFORMATION_FORMAT = dwarf;
				ENABLE_STRICT_OBJC_MSGSEND = YES;
				ENABLE_TESTABILITY = YES;
				ENABLE_USER_SCRIPT_SANDBOXING = YES;
				GCC_C_LANGUAGE_STANDARD = gnu17;
				GCC_DYNAMIC_NO_PIC = NO;
				GCC_NO_COMMON_BLOCKS = YES;
				GCC_OPTIMIZATION_LEVEL = 0;
				GCC_PREPROCESSOR_DEFINITIONS = (
					"DEBUG=1",
					"$(inherited)",
				);
				GCC_WARN_64_TO_32_BIT_CONVERSION = YES;
				GCC_WARN_ABOUT_RETURN_TYPE = YES_ERROR;
				GCC_WARN_UNDECLARED_SELECTOR = YES;
				GCC_WARN_UNINITIALIZED_AUTOS = YES_AGGRESSIVE;
				GCC_WARN_UNUSED_FUNCTION = YES;
				GCC_WARN_UNUSED_VARIABLE = YES;
				IPHONEOS_DEPLOYMENT_TARGET = 17.5;
				LOCALIZATION_PREFERS_STRING_CATALOGS = YES;
				MTL_ENABLE_DEBUG_INFO = INCLUDE_SOURCE;
				MTL_FAST_MATH = YES;
				ONLY_ACTIVE_ARCH = YES;
				SDKROOT = iphoneos;
				SWIFT_ACTIVE_COMPILATION_CONDITIONS = "DEBUG $(inherited)";
				SWIFT_OPTIMIZATION_LEVEL = "-Onone";
			};
			name = Debug;
		};
		BEDE2E142C107CC000700601 /* Release */ = {
			isa = XCBuildConfiguration;
			buildSettings = {
				ALWAYS_SEARCH_USER_PATHS = NO;
				ASSETCATALOG_COMPILER_GENERATE_SWIFT_ASSET_SYMBOL_EXTENSIONS = YES;
				CLANG_ANALYZER_NONNULL = YES;
				CLANG_ANALYZER_NUMBER_OBJECT_CONVERSION = YES_AGGRESSIVE;
				CLANG_CXX_LANGUAGE_STANDARD = "gnu++20";
				CLANG_ENABLE_MODULES = YES;
				CLANG_ENABLE_OBJC_ARC = YES;
				CLANG_ENABLE_OBJC_WEAK = YES;
				CLANG_WARN_BLOCK_CAPTURE_AUTORELEASING = YES;
				CLANG_WARN_BOOL_CONVERSION = YES;
				CLANG_WARN_COMMA = YES;
				CLANG_WARN_CONSTANT_CONVERSION = YES;
				CLANG_WARN_DEPRECATED_OBJC_IMPLEMENTATIONS = YES;
				CLANG_WARN_DIRECT_OBJC_ISA_USAGE = YES_ERROR;
				CLANG_WARN_DOCUMENTATION_COMMENTS = YES;
				CLANG_WARN_EMPTY_BODY = YES;
				CLANG_WARN_ENUM_CONVERSION = YES;
				CLANG_WARN_INFINITE_RECURSION = YES;
				CLANG_WARN_INT_CONVERSION = YES;
				CLANG_WARN_NON_LITERAL_NULL_CONVERSION = YES;
				CLANG_WARN_OBJC_IMPLICIT_RETAIN_SELF = YES;
				CLANG_WARN_OBJC_LITERAL_CONVERSION = YES;
				CLANG_WARN_OBJC_ROOT_CLASS = YES_ERROR;
				CLANG_WARN_QUOTED_INCLUDE_IN_FRAMEWORK_HEADER = YES;
				CLANG_WARN_RANGE_LOOP_ANALYSIS = YES;
				CLANG_WARN_STRICT_PROTOTYPES = YES;
				CLANG_WARN_SUSPICIOUS_MOVE = YES;
				CLANG_WARN_UNGUARDED_AVAILABILITY = YES_AGGRESSIVE;
				CLANG_WARN_UNREACHABLE_CODE = YES;
				CLANG_WARN__DUPLICATE_METHOD_MATCH = YES;
				COPY_PHASE_STRIP = NO;
				DEBUG_INFORMATION_FORMAT = "dwarf-with-dsym";
				ENABLE_NS_ASSERTIONS = NO;
				ENABLE_STRICT_OBJC_MSGSEND = YES;
				ENABLE_USER_SCRIPT_SANDBOXING = YES;
				GCC_C_LANGUAGE_STANDARD = gnu17;
				GCC_NO_COMMON_BLOCKS = YES;
				GCC_WARN_64_TO_32_BIT_CONVERSION = YES;
				GCC_WARN_ABOUT_RETURN_TYPE = YES_ERROR;
				GCC_WARN_UNDECLARED_SELECTOR = YES;
				GCC_WARN_UNINITIALIZED_AUTOS = YES_AGGRESSIVE;
				GCC_WARN_UNUSED_FUNCTION = YES;
				GCC_WARN_UNUSED_VARIABLE = YES;
				IPHONEOS_DEPLOYMENT_TARGET = 17.5;
				LOCALIZATION_PREFERS_STRING_CATALOGS = YES;
				MTL_ENABLE_DEBUG_INFO = NO;
				MTL_FAST_MATH = YES;
				SDKROOT = iphoneos;
				SWIFT_COMPILATION_MODE = wholemodule;
				VALIDATE_PRODUCT = YES;
			};
			name = Release;
		};
		BEDE2E162C107CC000700601 /* Debug */ = {
			isa = XCBuildConfiguration;
			buildSettings = {
				ASSETCATALOG_COMPILER_APPICON_NAME = AppIcon;
				ASSETCATALOG_COMPILER_GLOBAL_ACCENT_COLOR_NAME = AccentColor;
				CODE_SIGN_STYLE = Automatic;
				CURRENT_PROJECT_VERSION = 1;
				DEVELOPMENT_TEAM = ASU4PNB5MG;
				GENERATE_INFOPLIST_FILE = YES;
				INFOPLIST_FILE = WeatherAPI/Resources/Info.plist;
				INFOPLIST_KEY_UIApplicationSupportsIndirectInputEvents = YES;
				INFOPLIST_KEY_UILaunchStoryboardName = LaunchScreen;
				INFOPLIST_KEY_UISupportedInterfaceOrientations_iPad = "UIInterfaceOrientationPortrait UIInterfaceOrientationPortraitUpsideDown UIInterfaceOrientationLandscapeLeft UIInterfaceOrientationLandscapeRight";
				INFOPLIST_KEY_UISupportedInterfaceOrientations_iPhone = "UIInterfaceOrientationPortrait UIInterfaceOrientationLandscapeLeft UIInterfaceOrientationLandscapeRight";
				IPHONEOS_DEPLOYMENT_TARGET = 17.0;
				LD_RUNPATH_SEARCH_PATHS = (
					"$(inherited)",
					"@executable_path/Frameworks",
				);
				MARKETING_VERSION = 1.0;
				PRODUCT_BUNDLE_IDENTIFIER = com.geonseobkim.WeatherAPI;
				PRODUCT_NAME = "$(TARGET_NAME)";
				SUPPORTED_PLATFORMS = "iphoneos iphonesimulator";
				SUPPORTS_MACCATALYST = NO;
				SUPPORTS_MAC_DESIGNED_FOR_IPHONE_IPAD = NO;
				SUPPORTS_XR_DESIGNED_FOR_IPHONE_IPAD = NO;
				SWIFT_EMIT_LOC_STRINGS = YES;
				SWIFT_VERSION = 5.0;
				TARGETED_DEVICE_FAMILY = 1;
			};
			name = Debug;
		};
		BEDE2E172C107CC000700601 /* Release */ = {
			isa = XCBuildConfiguration;
			buildSettings = {
				ASSETCATALOG_COMPILER_APPICON_NAME = AppIcon;
				ASSETCATALOG_COMPILER_GLOBAL_ACCENT_COLOR_NAME = AccentColor;
				CODE_SIGN_STYLE = Automatic;
				CURRENT_PROJECT_VERSION = 1;
				DEVELOPMENT_TEAM = ASU4PNB5MG;
				GENERATE_INFOPLIST_FILE = YES;
				INFOPLIST_FILE = WeatherAPI/Resources/Info.plist;
				INFOPLIST_KEY_UIApplicationSupportsIndirectInputEvents = YES;
				INFOPLIST_KEY_UILaunchStoryboardName = LaunchScreen;
				INFOPLIST_KEY_UISupportedInterfaceOrientations_iPad = "UIInterfaceOrientationPortrait UIInterfaceOrientationPortraitUpsideDown UIInterfaceOrientationLandscapeLeft UIInterfaceOrientationLandscapeRight";
				INFOPLIST_KEY_UISupportedInterfaceOrientations_iPhone = "UIInterfaceOrientationPortrait UIInterfaceOrientationLandscapeLeft UIInterfaceOrientationLandscapeRight";
				IPHONEOS_DEPLOYMENT_TARGET = 17.0;
				LD_RUNPATH_SEARCH_PATHS = (
					"$(inherited)",
					"@executable_path/Frameworks",
				);
				MARKETING_VERSION = 1.0;
				PRODUCT_BUNDLE_IDENTIFIER = com.geonseobkim.WeatherAPI;
				PRODUCT_NAME = "$(TARGET_NAME)";
				SUPPORTED_PLATFORMS = "iphoneos iphonesimulator";
				SUPPORTS_MACCATALYST = NO;
				SUPPORTS_MAC_DESIGNED_FOR_IPHONE_IPAD = NO;
				SUPPORTS_XR_DESIGNED_FOR_IPHONE_IPAD = NO;
				SWIFT_EMIT_LOC_STRINGS = YES;
				SWIFT_VERSION = 5.0;
				TARGETED_DEVICE_FAMILY = 1;
			};
			name = Release;
		};
/* End XCBuildConfiguration section */

/* Begin XCConfigurationList section */
		BEDE2DFC2C107CBD00700601 /* Build configuration list for PBXProject "WeatherAPI" */ = {
			isa = XCConfigurationList;
			buildConfigurations = (
				BEDE2E132C107CC000700601 /* Debug */,
				BEDE2E142C107CC000700601 /* Release */,
			);
			defaultConfigurationIsVisible = 0;
			defaultConfigurationName = Release;
		};
		BEDE2E152C107CC000700601 /* Build configuration list for PBXNativeTarget "WeatherAPI" */ = {
			isa = XCConfigurationList;
			buildConfigurations = (
				BEDE2E162C107CC000700601 /* Debug */,
				BEDE2E172C107CC000700601 /* Release */,
			);
			defaultConfigurationIsVisible = 0;
			defaultConfigurationName = Release;
		};
/* End XCConfigurationList section */

/* Begin XCRemoteSwiftPackageReference section */
		BEDE2E1C2C107D6800700601 /* XCRemoteSwiftPackageReference "Alamofire" */ = {
			isa = XCRemoteSwiftPackageReference;
			repositoryURL = "https://github.com/Alamofire/Alamofire.git";
			requirement = {
				kind = upToNextMajorVersion;
				minimumVersion = 5.9.1;
			};
		};
		BEDE2E1F2C107D7600700601 /* XCRemoteSwiftPackageReference "SnapKit" */ = {
			isa = XCRemoteSwiftPackageReference;
			repositoryURL = "https://github.com/SnapKit/SnapKit.git";
			requirement = {
				kind = upToNextMajorVersion;
				minimumVersion = 5.7.1;
			};
		};
		BEDE2E222C107D8100700601 /* XCRemoteSwiftPackageReference "Kingfisher" */ = {
			isa = XCRemoteSwiftPackageReference;
			repositoryURL = "https://github.com/onevcat/Kingfisher";
			requirement = {
				kind = upToNextMajorVersion;
				minimumVersion = 7.11.0;
			};
		};
/* End XCRemoteSwiftPackageReference section */

/* Begin XCSwiftPackageProductDependency section */
		BEDE2E1D2C107D6800700601 /* Alamofire */ = {
			isa = XCSwiftPackageProductDependency;
			package = BEDE2E1C2C107D6800700601 /* XCRemoteSwiftPackageReference "Alamofire" */;
			productName = Alamofire;
		};
		BEDE2E202C107D7600700601 /* SnapKit */ = {
			isa = XCSwiftPackageProductDependency;
			package = BEDE2E1F2C107D7600700601 /* XCRemoteSwiftPackageReference "SnapKit" */;
			productName = SnapKit;
		};
		BEDE2E232C107D8100700601 /* Kingfisher */ = {
			isa = XCSwiftPackageProductDependency;
			package = BEDE2E222C107D8100700601 /* XCRemoteSwiftPackageReference "Kingfisher" */;
			productName = Kingfisher;
		};
/* End XCSwiftPackageProductDependency section */
	};
	rootObject = BEDE2DF92C107CBD00700601 /* Project object */;
}
